// !$*UTF8*$!
{
	archiveVersion = 1;
	classes = {
	};
	objectVersion = 56;
	objects = {

/* Begin PBXBuildFile section */
		F12682F92AC1FA83006D1755 /* JogosClicou.swift in Sources */ = {isa = PBXBuildFile; fileRef = F12682F82AC1FA83006D1755 /* JogosClicou.swift */; };
		F12682FF2AC20A0B006D1755 /* SVGKit in Frameworks */ = {isa = PBXBuildFile; productRef = F12682FE2AC20A0B006D1755 /* SVGKit */; };
		F12683012AC20A0B006D1755 /* SVGKitSwift in Frameworks */ = {isa = PBXBuildFile; productRef = F12683002AC20A0B006D1755 /* SVGKitSwift */; };
		F12683032AC20A13006D1755 /* SVG.swift in Sources */ = {isa = PBXBuildFile; fileRef = F12683022AC20A13006D1755 /* SVG.swift */; };
		F12683052AC2148A006D1755 /* TimesClicou.swift in Sources */ = {isa = PBXBuildFile; fileRef = F12683042AC2148A006D1755 /* TimesClicou.swift */; };
		F12C236D2ABCB29600720AD2 /* ProjetoApp.swift in Sources */ = {isa = PBXBuildFile; fileRef = F12C236C2ABCB29600720AD2 /* ProjetoApp.swift */; };
		F12C236F2ABCB29600720AD2 /* ContentView.swift in Sources */ = {isa = PBXBuildFile; fileRef = F12C236E2ABCB29600720AD2 /* ContentView.swift */; };
		F12C23712ABCB29700720AD2 /* Assets.xcassets in Resources */ = {isa = PBXBuildFile; fileRef = F12C23702ABCB29700720AD2 /* Assets.xcassets */; };
		F12C23742ABCB29700720AD2 /* Preview Assets.xcassets in Resources */ = {isa = PBXBuildFile; fileRef = F12C23732ABCB29700720AD2 /* Preview Assets.xcassets */; };
		F12C237B2ABCB33F00720AD2 /* SplashScreenView.swift in Sources */ = {isa = PBXBuildFile; fileRef = F12C237A2ABCB33F00720AD2 /* SplashScreenView.swift */; };
		F13A1A052ABE1DB80050841E /* api.swift in Sources */ = {isa = PBXBuildFile; fileRef = F13A1A042ABE1DB80050841E /* api.swift */; };
		F13A1A072ABE2C3F0050841E /* JogadorClicou.swift in Sources */ = {isa = PBXBuildFile; fileRef = F13A1A062ABE2C3F0050841E /* JogadorClicou.swift */; };
		F193D4A62ABE01A0000FCA01 /* Jogadores.swift in Sources */ = {isa = PBXBuildFile; fileRef = F193D4A52ABE01A0000FCA01 /* Jogadores.swift */; };
		F193D4AA2ABE093A000FCA01 /* Home.swift in Sources */ = {isa = PBXBuildFile; fileRef = F193D4A92ABE093A000FCA01 /* Home.swift */; };
		F193D4AC2ABE0948000FCA01 /* Jogos.swift in Sources */ = {isa = PBXBuildFile; fileRef = F193D4AB2ABE0948000FCA01 /* Jogos.swift */; };
		F193D4AE2ABE0955000FCA01 /* Times.swift in Sources */ = {isa = PBXBuildFile; fileRef = F193D4AD2ABE0955000FCA01 /* Times.swift */; };
		F193D4B02ABE0962000FCA01 /* Torneios.swift in Sources */ = {isa = PBXBuildFile; fileRef = F193D4AF2ABE0962000FCA01 /* Torneios.swift */; };
/* End PBXBuildFile section */

/* Begin PBXFileReference section */
		F12682F82AC1FA83006D1755 /* JogosClicou.swift */ = {isa = PBXFileReference; lastKnownFileType = sourcecode.swift; path = JogosClicou.swift; sourceTree = "<group>"; };
		F12682FC2AC209E8006D1755 /* Info.plist */ = {isa = PBXFileReference; lastKnownFileType = text.plist; path = Info.plist; sourceTree = "<group>"; };
		F12683022AC20A13006D1755 /* SVG.swift */ = {isa = PBXFileReference; lastKnownFileType = sourcecode.swift; path = SVG.swift; sourceTree = "<group>"; };
		F12683042AC2148A006D1755 /* TimesClicou.swift */ = {isa = PBXFileReference; lastKnownFileType = sourcecode.swift; path = TimesClicou.swift; sourceTree = "<group>"; };
		F12C23692ABCB29600720AD2 /* Projeto.app */ = {isa = PBXFileReference; explicitFileType = wrapper.application; includeInIndex = 0; path = Projeto.app; sourceTree = BUILT_PRODUCTS_DIR; };
		F12C236C2ABCB29600720AD2 /* ProjetoApp.swift */ = {isa = PBXFileReference; lastKnownFileType = sourcecode.swift; path = ProjetoApp.swift; sourceTree = "<group>"; };
		F12C236E2ABCB29600720AD2 /* ContentView.swift */ = {isa = PBXFileReference; lastKnownFileType = sourcecode.swift; path = ContentView.swift; sourceTree = "<group>"; };
		F12C23702ABCB29700720AD2 /* Assets.xcassets */ = {isa = PBXFileReference; lastKnownFileType = folder.assetcatalog; path = Assets.xcassets; sourceTree = "<group>"; };
		F12C23732ABCB29700720AD2 /* Preview Assets.xcassets */ = {isa = PBXFileReference; lastKnownFileType = folder.assetcatalog; path = "Preview Assets.xcassets"; sourceTree = "<group>"; };
		F12C237A2ABCB33F00720AD2 /* SplashScreenView.swift */ = {isa = PBXFileReference; lastKnownFileType = sourcecode.swift; path = SplashScreenView.swift; sourceTree = "<group>"; };
		F13A1A042ABE1DB80050841E /* api.swift */ = {isa = PBXFileReference; lastKnownFileType = sourcecode.swift; path = api.swift; sourceTree = "<group>"; };
		F13A1A062ABE2C3F0050841E /* JogadorClicou.swift */ = {isa = PBXFileReference; lastKnownFileType = sourcecode.swift; path = JogadorClicou.swift; sourceTree = "<group>"; };
		F193D4A52ABE01A0000FCA01 /* Jogadores.swift */ = {isa = PBXFileReference; lastKnownFileType = sourcecode.swift; path = Jogadores.swift; sourceTree = "<group>"; };
		F193D4A92ABE093A000FCA01 /* Home.swift */ = {isa = PBXFileReference; lastKnownFileType = sourcecode.swift; path = Home.swift; sourceTree = "<group>"; };
		F193D4AB2ABE0948000FCA01 /* Jogos.swift */ = {isa = PBXFileReference; lastKnownFileType = sourcecode.swift; path = Jogos.swift; sourceTree = "<group>"; };
		F193D4AD2ABE0955000FCA01 /* Times.swift */ = {isa = PBXFileReference; lastKnownFileType = sourcecode.swift; path = Times.swift; sourceTree = "<group>"; };
		F193D4AF2ABE0962000FCA01 /* Torneios.swift */ = {isa = PBXFileReference; lastKnownFileType = sourcecode.swift; path = Torneios.swift; sourceTree = "<group>"; };
/* End PBXFileReference section */

/* Begin PBXFrameworksBuildPhase section */
		F12C23662ABCB29600720AD2 /* Frameworks */ = {
			isa = PBXFrameworksBuildPhase;
			buildActionMask = 2147483647;
			files = (
				F12683012AC20A0B006D1755 /* SVGKitSwift in Frameworks */,
				F12682FF2AC20A0B006D1755 /* SVGKit in Frameworks */,
			);
			runOnlyForDeploymentPostprocessing = 0;
		};
/* End PBXFrameworksBuildPhase section */

/* Begin PBXGroup section */
		F12C23602ABCB29600720AD2 = {
			isa = PBXGroup;
			children = (
				F12C236B2ABCB29600720AD2 /* Projeto */,
				F12C236A2ABCB29600720AD2 /* Products */,
			);
			sourceTree = "<group>";
		};
		F12C236A2ABCB29600720AD2 /* Products */ = {
			isa = PBXGroup;
			children = (
				F12C23692ABCB29600720AD2 /* Projeto.app */,
			);
			name = Products;
			sourceTree = "<group>";
		};
		F12C236B2ABCB29600720AD2 /* Projeto */ = {
			isa = PBXGroup;
			children = (
				F12682FC2AC209E8006D1755 /* Info.plist */,
				F12C236C2ABCB29600720AD2 /* ProjetoApp.swift */,
				F12C236E2ABCB29600720AD2 /* ContentView.swift */,
				F12C23702ABCB29700720AD2 /* Assets.xcassets */,
				F12C23722ABCB29700720AD2 /* Preview Content */,
				F12C237A2ABCB33F00720AD2 /* SplashScreenView.swift */,
				F193D4A52ABE01A0000FCA01 /* Jogadores.swift */,
				F193D4A92ABE093A000FCA01 /* Home.swift */,
				F193D4AB2ABE0948000FCA01 /* Jogos.swift */,
				F193D4AD2ABE0955000FCA01 /* Times.swift */,
				F193D4AF2ABE0962000FCA01 /* Torneios.swift */,
				F13A1A042ABE1DB80050841E /* api.swift */,
				F13A1A062ABE2C3F0050841E /* JogadorClicou.swift */,
				F12682F82AC1FA83006D1755 /* JogosClicou.swift */,
				F12683022AC20A13006D1755 /* SVG.swift */,
				F12683042AC2148A006D1755 /* TimesClicou.swift */,
			);
			path = Projeto;
			sourceTree = "<group>";
		};
		F12C23722ABCB29700720AD2 /* Preview Content */ = {
			isa = PBXGroup;
			children = (
				F12C23732ABCB29700720AD2 /* Preview Assets.xcassets */,
			);
			path = "Preview Content";
			sourceTree = "<group>";
		};
/* End PBXGroup section */

/* Begin PBXNativeTarget section */
		F12C23682ABCB29600720AD2 /* Projeto */ = {
			isa = PBXNativeTarget;
			buildConfigurationList = F12C23772ABCB29700720AD2 /* Build configuration list for PBXNativeTarget "Projeto" */;
			buildPhases = (
				F12C23652ABCB29600720AD2 /* Sources */,
				F12C23662ABCB29600720AD2 /* Frameworks */,
				F12C23672ABCB29600720AD2 /* Resources */,
			);
			buildRules = (
			);
			dependencies = (
			);
			name = Projeto;
			packageProductDependencies = (
				F12682FE2AC20A0B006D1755 /* SVGKit */,
				F12683002AC20A0B006D1755 /* SVGKitSwift */,
			);
			productName = Projeto;
			productReference = F12C23692ABCB29600720AD2 /* Projeto.app */;
			productType = "com.apple.product-type.application";
		};
/* End PBXNativeTarget section */

/* Begin PBXProject section */
		F12C23612ABCB29600720AD2 /* Project object */ = {
			isa = PBXProject;
			attributes = {
				BuildIndependentTargetsInParallel = 1;
				LastSwiftUpdateCheck = 1420;
				LastUpgradeCheck = 1420;
				TargetAttributes = {
					F12C23682ABCB29600720AD2 = {
						CreatedOnToolsVersion = 14.2;
					};
				};
			};
			buildConfigurationList = F12C23642ABCB29600720AD2 /* Build configuration list for PBXProject "Projeto" */;
			compatibilityVersion = "Xcode 14.0";
			developmentRegion = en;
			hasScannedForEncodings = 0;
			knownRegions = (
				en,
				Base,
			);
			mainGroup = F12C23602ABCB29600720AD2;
			packageReferences = (
				F12682FD2AC20A0B006D1755 /* XCRemoteSwiftPackageReference "SVGKit" */,
			);
			productRefGroup = F12C236A2ABCB29600720AD2 /* Products */;
			projectDirPath = "";
			projectRoot = "";
			targets = (
				F12C23682ABCB29600720AD2 /* Projeto */,
			);
		};
/* End PBXProject section */

/* Begin PBXResourcesBuildPhase section */
		F12C23672ABCB29600720AD2 /* Resources */ = {
			isa = PBXResourcesBuildPhase;
			buildActionMask = 2147483647;
			files = (
				F12C23742ABCB29700720AD2 /* Preview Assets.xcassets in Resources */,
				F12C23712ABCB29700720AD2 /* Assets.xcassets in Resources */,
			);
			runOnlyForDeploymentPostprocessing = 0;
		};
/* End PBXResourcesBuildPhase section */

/* Begin PBXSourcesBuildPhase section */
		F12C23652ABCB29600720AD2 /* Sources */ = {
			isa = PBXSourcesBuildPhase;
			buildActionMask = 2147483647;
			files = (
				F12683032AC20A13006D1755 /* SVG.swift in Sources */,
				F12683052AC2148A006D1755 /* TimesClicou.swift in Sources */,
				F193D4AE2ABE0955000FCA01 /* Times.swift in Sources */,
				F12682F92AC1FA83006D1755 /* JogosClicou.swift in Sources */,
				F13A1A072ABE2C3F0050841E /* JogadorClicou.swift in Sources */,
				F193D4A62ABE01A0000FCA01 /* Jogadores.swift in Sources */,
				F12C236F2ABCB29600720AD2 /* ContentView.swift in Sources */,
				F193D4AA2ABE093A000FCA01 /* Home.swift in Sources */,
				F13A1A052ABE1DB80050841E /* api.swift in Sources */,
				F193D4B02ABE0962000FCA01 /* Torneios.swift in Sources */,
				F12C236D2ABCB29600720AD2 /* ProjetoApp.swift in Sources */,
				F193D4AC2ABE0948000FCA01 /* Jogos.swift in Sources */,
				F12C237B2ABCB33F00720AD2 /* SplashScreenView.swift in Sources */,
			);
			runOnlyForDeploymentPostprocessing = 0;
		};
/* End PBXSourcesBuildPhase section */

/* Begin XCBuildConfiguration section */
		F12C23752ABCB29700720AD2 /* Debug */ = {
			isa = XCBuildConfiguration;
			buildSettings = {
				ALWAYS_SEARCH_USER_PATHS = NO;
				CLANG_ANALYZER_NONNULL = YES;
				CLANG_ANALYZER_NUMBER_OBJECT_CONVERSION = YES_AGGRESSIVE;
				CLANG_CXX_LANGUAGE_STANDARD = "gnu++20";
				CLANG_ENABLE_MODULES = YES;
				CLANG_ENABLE_OBJC_ARC = YES;
				CLANG_ENABLE_OBJC_WEAK = YES;
				CLANG_WARN_BLOCK_CAPTURE_AUTORELEASING = YES;
				CLANG_WARN_BOOL_CONVERSION = YES;
				CLANG_WARN_COMMA = YES;
				CLANG_WARN_CONSTANT_CONVERSION = YES;
				CLANG_WARN_DEPRECATED_OBJC_IMPLEMENTATIONS = YES;
				CLANG_WARN_DIRECT_OBJC_ISA_USAGE = YES_ERROR;
				CLANG_WARN_DOCUMENTATION_COMMENTS = YES;
				CLANG_WARN_EMPTY_BODY = YES;
				CLANG_WARN_ENUM_CONVERSION = YES;
				CLANG_WARN_INFINITE_RECURSION = YES;
				CLANG_WARN_INT_CONVERSION = YES;
				CLANG_WARN_NON_LITERAL_NULL_CONVERSION = YES;
				CLANG_WARN_OBJC_IMPLICIT_RETAIN_SELF = YES;
				CLANG_WARN_OBJC_LITERAL_CONVERSION = YES;
				CLANG_WARN_OBJC_ROOT_CLASS = YES_ERROR;
				CLANG_WARN_QUOTED_INCLUDE_IN_FRAMEWORK_HEADER = YES;
				CLANG_WARN_RANGE_LOOP_ANALYSIS = YES;
				CLANG_WARN_STRICT_PROTOTYPES = YES;
				CLANG_WARN_SUSPICIOUS_MOVE = YES;
				CLANG_WARN_UNGUARDED_AVAILABILITY = YES_AGGRESSIVE;
				CLANG_WARN_UNREACHABLE_CODE = YES;
				CLANG_WARN__DUPLICATE_METHOD_MATCH = YES;
				COPY_PHASE_STRIP = NO;
				DEBUG_INFORMATION_FORMAT = dwarf;
				ENABLE_STRICT_OBJC_MSGSEND = YES;
				ENABLE_TESTABILITY = YES;
				GCC_C_LANGUAGE_STANDARD = gnu11;
				GCC_DYNAMIC_NO_PIC = NO;
				GCC_NO_COMMON_BLOCKS = YES;
				GCC_OPTIMIZATION_LEVEL = 0;
				GCC_PREPROCESSOR_DEFINITIONS = (
					"DEBUG=1",
					"$(inherited)",
				);
				GCC_WARN_64_TO_32_BIT_CONVERSION = YES;
				GCC_WARN_ABOUT_RETURN_TYPE = YES_ERROR;
				GCC_WARN_UNDECLARED_SELECTOR = YES;
				GCC_WARN_UNINITIALIZED_AUTOS = YES_AGGRESSIVE;
				GCC_WARN_UNUSED_FUNCTION = YES;
				GCC_WARN_UNUSED_VARIABLE = YES;
				IPHONEOS_DEPLOYMENT_TARGET = 16.2;
				MTL_ENABLE_DEBUG_INFO = INCLUDE_SOURCE;
				MTL_FAST_MATH = YES;
				ONLY_ACTIVE_ARCH = YES;
				SDKROOT = iphoneos;
				SWIFT_ACTIVE_COMPILATION_CONDITIONS = DEBUG;
				SWIFT_OPTIMIZATION_LEVEL = "-Onone";
			};
			name = Debug;
		};
		F12C23762ABCB29700720AD2 /* Release */ = {
			isa = XCBuildConfiguration;
			buildSettings = {
				ALWAYS_SEARCH_USER_PATHS = NO;
				CLANG_ANALYZER_NONNULL = YES;
				CLANG_ANALYZER_NUMBER_OBJECT_CONVERSION = YES_AGGRESSIVE;
				CLANG_CXX_LANGUAGE_STANDARD = "gnu++20";
				CLANG_ENABLE_MODULES = YES;
				CLANG_ENABLE_OBJC_ARC = YES;
				CLANG_ENABLE_OBJC_WEAK = YES;
				CLANG_WARN_BLOCK_CAPTURE_AUTORELEASING = YES;
				CLANG_WARN_BOOL_CONVERSION = YES;
				CLANG_WARN_COMMA = YES;
				CLANG_WARN_CONSTANT_CONVERSION = YES;
				CLANG_WARN_DEPRECATED_OBJC_IMPLEMENTATIONS = YES;
				CLANG_WARN_DIRECT_OBJC_ISA_USAGE = YES_ERROR;
				CLANG_WARN_DOCUMENTATION_COMMENTS = YES;
				CLANG_WARN_EMPTY_BODY = YES;
				CLANG_WARN_ENUM_CONVERSION = YES;
				CLANG_WARN_INFINITE_RECURSION = YES;
				CLANG_WARN_INT_CONVERSION = YES;
				CLANG_WARN_NON_LITERAL_NULL_CONVERSION = YES;
				CLANG_WARN_OBJC_IMPLICIT_RETAIN_SELF = YES;
				CLANG_WARN_OBJC_LITERAL_CONVERSION = YES;
				CLANG_WARN_OBJC_ROOT_CLASS = YES_ERROR;
				CLANG_WARN_QUOTED_INCLUDE_IN_FRAMEWORK_HEADER = YES;
				CLANG_WARN_RANGE_LOOP_ANALYSIS = YES;
				CLANG_WARN_STRICT_PROTOTYPES = YES;
				CLANG_WARN_SUSPICIOUS_MOVE = YES;
				CLANG_WARN_UNGUARDED_AVAILABILITY = YES_AGGRESSIVE;
				CLANG_WARN_UNREACHABLE_CODE = YES;
				CLANG_WARN__DUPLICATE_METHOD_MATCH = YES;
				COPY_PHASE_STRIP = NO;
				DEBUG_INFORMATION_FORMAT = "dwarf-with-dsym";
				ENABLE_NS_ASSERTIONS = NO;
				ENABLE_STRICT_OBJC_MSGSEND = YES;
				GCC_C_LANGUAGE_STANDARD = gnu11;
				GCC_NO_COMMON_BLOCKS = YES;
				GCC_WARN_64_TO_32_BIT_CONVERSION = YES;
				GCC_WARN_ABOUT_RETURN_TYPE = YES_ERROR;
				GCC_WARN_UNDECLARED_SELECTOR = YES;
				GCC_WARN_UNINITIALIZED_AUTOS = YES_AGGRESSIVE;
				GCC_WARN_UNUSED_FUNCTION = YES;
				GCC_WARN_UNUSED_VARIABLE = YES;
				IPHONEOS_DEPLOYMENT_TARGET = 16.2;
				MTL_ENABLE_DEBUG_INFO = NO;
				MTL_FAST_MATH = YES;
				SDKROOT = iphoneos;
				SWIFT_COMPILATION_MODE = wholemodule;
				SWIFT_OPTIMIZATION_LEVEL = "-O";
				VALIDATE_PRODUCT = YES;
			};
			name = Release;
		};
		F12C23782ABCB29700720AD2 /* Debug */ = {
			isa = XCBuildConfiguration;
			buildSettings = {
				ASSETCATALOG_COMPILER_APPICON_NAME = AppIcon;
				ASSETCATALOG_COMPILER_GLOBAL_ACCENT_COLOR_NAME = AccentColor;
				CODE_SIGN_STYLE = Automatic;
				CURRENT_PROJECT_VERSION = 1;
				DEVELOPMENT_ASSET_PATHS = "\"Projeto/Preview Content\"";
				ENABLE_PREVIEWS = YES;
				GENERATE_INFOPLIST_FILE = YES;
				INFOPLIST_FILE = Projeto/Info.plist;
				INFOPLIST_KEY_UIApplicationSceneManifest_Generation = YES;
				INFOPLIST_KEY_UIApplicationSupportsIndirectInputEvents = YES;
				INFOPLIST_KEY_UILaunchScreen_Generation = YES;
				INFOPLIST_KEY_UISupportedInterfaceOrientations_iPad = "UIInterfaceOrientationPortrait UIInterfaceOrientationPortraitUpsideDown UIInterfaceOrientationLandscapeLeft UIInterfaceOrientationLandscapeRight";
				INFOPLIST_KEY_UISupportedInterfaceOrientations_iPhone = "UIInterfaceOrientationPortrait UIInterfaceOrientationLandscapeLeft UIInterfaceOrientationLandscapeRight";
				LD_RUNPATH_SEARCH_PATHS = (
					"$(inherited)",
					"@executable_path/Frameworks",
				);
				MARKETING_VERSION = 1.0;
				PRODUCT_BUNDLE_IDENTIFIER = Lechinovski.Projeto;
				PRODUCT_NAME = "$(TARGET_NAME)";
				SWIFT_EMIT_LOC_STRINGS = YES;
				SWIFT_VERSION = 5.0;
				TARGETED_DEVICE_FAMILY = "1,2";
			};
			name = Debug;
		};
		F12C23792ABCB29700720AD2 /* Release */ = {
			isa = XCBuildConfiguration;
			buildSettings = {
				ASSETCATALOG_COMPILER_APPICON_NAME = AppIcon;
				ASSETCATALOG_COMPILER_GLOBAL_ACCENT_COLOR_NAME = AccentColor;
				CODE_SIGN_STYLE = Automatic;
				CURRENT_PROJECT_VERSION = 1;
				DEVELOPMENT_ASSET_PATHS = "\"Projeto/Preview Content\"";
				ENABLE_PREVIEWS = YES;
				GENERATE_INFOPLIST_FILE = YES;
				INFOPLIST_FILE = Projeto/Info.plist;
				INFOPLIST_KEY_UIApplicationSceneManifest_Generation = YES;
				INFOPLIST_KEY_UIApplicationSupportsIndirectInputEvents = YES;
				INFOPLIST_KEY_UILaunchScreen_Generation = YES;
				INFOPLIST_KEY_UISupportedInterfaceOrientations_iPad = "UIInterfaceOrientationPortrait UIInterfaceOrientationPortraitUpsideDown UIInterfaceOrientationLandscapeLeft UIInterfaceOrientationLandscapeRight";
				INFOPLIST_KEY_UISupportedInterfaceOrientations_iPhone = "UIInterfaceOrientationPortrait UIInterfaceOrientationLandscapeLeft UIInterfaceOrientationLandscapeRight";
				LD_RUNPATH_SEARCH_PATHS = (
					"$(inherited)",
					"@executable_path/Frameworks",
				);
				MARKETING_VERSION = 1.0;
				PRODUCT_BUNDLE_IDENTIFIER = Lechinovski.Projeto;
				PRODUCT_NAME = "$(TARGET_NAME)";
				SWIFT_EMIT_LOC_STRINGS = YES;
				SWIFT_VERSION = 5.0;
				TARGETED_DEVICE_FAMILY = "1,2";
			};
			name = Release;
		};
/* End XCBuildConfiguration section */

/* Begin XCConfigurationList section */
		F12C23642ABCB29600720AD2 /* Build configuration list for PBXProject "Projeto" */ = {
			isa = XCConfigurationList;
			buildConfigurations = (
				F12C23752ABCB29700720AD2 /* Debug */,
				F12C23762ABCB29700720AD2 /* Release */,
			);
			defaultConfigurationIsVisible = 0;
			defaultConfigurationName = Release;
		};
		F12C23772ABCB29700720AD2 /* Build configuration list for PBXNativeTarget "Projeto" */ = {
			isa = XCConfigurationList;
			buildConfigurations = (
				F12C23782ABCB29700720AD2 /* Debug */,
				F12C23792ABCB29700720AD2 /* Release */,
			);
			defaultConfigurationIsVisible = 0;
			defaultConfigurationName = Release;
		};
/* End XCConfigurationList section */

/* Begin XCRemoteSwiftPackageReference section */
		F12682FD2AC20A0B006D1755 /* XCRemoteSwiftPackageReference "SVGKit" */ = {
			isa = XCRemoteSwiftPackageReference;
			repositoryURL = "https://github.com/SVGKit/SVGKit.git";
			requirement = {
				kind = upToNextMajorVersion;
				minimumVersion = 3.0.0;
			};
		};
/* End XCRemoteSwiftPackageReference section */

/* Begin XCSwiftPackageProductDependency section */
		F12682FE2AC20A0B006D1755 /* SVGKit */ = {
			isa = XCSwiftPackageProductDependency;
			package = F12682FD2AC20A0B006D1755 /* XCRemoteSwiftPackageReference "SVGKit" */;
			productName = SVGKit;
		};
		F12683002AC20A0B006D1755 /* SVGKitSwift */ = {
			isa = XCSwiftPackageProductDependency;
			package = F12682FD2AC20A0B006D1755 /* XCRemoteSwiftPackageReference "SVGKit" */;
			productName = SVGKitSwift;
		};
/* End XCSwiftPackageProductDependency section */
	};
	rootObject = F12C23612ABCB29600720AD2 /* Project object */;
}
