// !$*UTF8*$!
{
	archiveVersion = 1;
	classes = {
	};
	objectVersion = 56;
	objects = {

/* Begin PBXBuildFile section */
		F10A6A982AA645F100855728 /* Aulas3LechinovskiApp.swift in Sources */ = {isa = PBXBuildFile; fileRef = F10A6A972AA645F100855728 /* Aulas3LechinovskiApp.swift */; };
		F10A6A9C2AA645F300855728 /* Assets.xcassets in Resources */ = {isa = PBXBuildFile; fileRef = F10A6A9B2AA645F300855728 /* Assets.xcassets */; };
		F10A6A9F2AA645F300855728 /* Preview Assets.xcassets in Resources */ = {isa = PBXBuildFile; fileRef = F10A6A9E2AA645F300855728 /* Preview Assets.xcassets */; };
		F10A6AA62AA649E200855728 /* D1.swift in Sources */ = {isa = PBXBuildFile; fileRef = F10A6AA52AA649E200855728 /* D1.swift */; };
		F10A6AA82AA64D7200855728 /* D1Home.swift in Sources */ = {isa = PBXBuildFile; fileRef = F10A6AA72AA64D7200855728 /* D1Home.swift */; };
		F10A6AAA2AA64D8B00855728 /* D1Search.swift in Sources */ = {isa = PBXBuildFile; fileRef = F10A6AA92AA64D8B00855728 /* D1Search.swift */; };
		F10A6AAC2AA656A900855728 /* D1Photos.swift in Sources */ = {isa = PBXBuildFile; fileRef = F10A6AAB2AA656A900855728 /* D1Photos.swift */; };
		F10A6AB02AA658A700855728 /* D1Messages.swift in Sources */ = {isa = PBXBuildFile; fileRef = F10A6AAF2AA658A700855728 /* D1Messages.swift */; };
		F10A6AB42AA658CA00855728 /* D1Profile.swift in Sources */ = {isa = PBXBuildFile; fileRef = F10A6AB32AA658CA00855728 /* D1Profile.swift */; };
		F10A6AB62AA6626F00855728 /* D2.swift in Sources */ = {isa = PBXBuildFile; fileRef = F10A6AB52AA6626F00855728 /* D2.swift */; };
		F10A6AB82AA663A100855728 /* D2Modo1.swift in Sources */ = {isa = PBXBuildFile; fileRef = F10A6AB72AA663A100855728 /* D2Modo1.swift */; };
		F10A6ABA2AA6648100855728 /* D2Modo2.swift in Sources */ = {isa = PBXBuildFile; fileRef = F10A6AB92AA6648100855728 /* D2Modo2.swift */; };
		F10A6ABE2AA6692600855728 /* D2Modo2_1.swift in Sources */ = {isa = PBXBuildFile; fileRef = F10A6ABD2AA6692600855728 /* D2Modo2_1.swift */; };
/* End PBXBuildFile section */

/* Begin PBXFileReference section */
		F10A6A942AA645F100855728 /* Aulas3Lechinovski.app */ = {isa = PBXFileReference; explicitFileType = wrapper.application; includeInIndex = 0; path = Aulas3Lechinovski.app; sourceTree = BUILT_PRODUCTS_DIR; };
		F10A6A972AA645F100855728 /* Aulas3LechinovskiApp.swift */ = {isa = PBXFileReference; lastKnownFileType = sourcecode.swift; path = Aulas3LechinovskiApp.swift; sourceTree = "<group>"; };
		F10A6A9B2AA645F300855728 /* Assets.xcassets */ = {isa = PBXFileReference; lastKnownFileType = folder.assetcatalog; path = Assets.xcassets; sourceTree = "<group>"; };
		F10A6A9E2AA645F300855728 /* Preview Assets.xcassets */ = {isa = PBXFileReference; lastKnownFileType = folder.assetcatalog; path = "Preview Assets.xcassets"; sourceTree = "<group>"; };
		F10A6AA52AA649E200855728 /* D1.swift */ = {isa = PBXFileReference; lastKnownFileType = sourcecode.swift; path = D1.swift; sourceTree = "<group>"; };
		F10A6AA72AA64D7200855728 /* D1Home.swift */ = {isa = PBXFileReference; lastKnownFileType = sourcecode.swift; path = D1Home.swift; sourceTree = "<group>"; };
		F10A6AA92AA64D8B00855728 /* D1Search.swift */ = {isa = PBXFileReference; lastKnownFileType = sourcecode.swift; path = D1Search.swift; sourceTree = "<group>"; };
		F10A6AAB2AA656A900855728 /* D1Photos.swift */ = {isa = PBXFileReference; lastKnownFileType = sourcecode.swift; path = D1Photos.swift; sourceTree = "<group>"; };
		F10A6AAF2AA658A700855728 /* D1Messages.swift */ = {isa = PBXFileReference; lastKnownFileType = sourcecode.swift; path = D1Messages.swift; sourceTree = "<group>"; };
		F10A6AB32AA658CA00855728 /* D1Profile.swift */ = {isa = PBXFileReference; lastKnownFileType = sourcecode.swift; path = D1Profile.swift; sourceTree = "<group>"; };
		F10A6AB52AA6626F00855728 /* D2.swift */ = {isa = PBXFileReference; lastKnownFileType = sourcecode.swift; path = D2.swift; sourceTree = "<group>"; };
		F10A6AB72AA663A100855728 /* D2Modo1.swift */ = {isa = PBXFileReference; lastKnownFileType = sourcecode.swift; path = D2Modo1.swift; sourceTree = "<group>"; };
		F10A6AB92AA6648100855728 /* D2Modo2.swift */ = {isa = PBXFileReference; lastKnownFileType = sourcecode.swift; path = D2Modo2.swift; sourceTree = "<group>"; };
		F10A6ABD2AA6692600855728 /* D2Modo2_1.swift */ = {isa = PBXFileReference; lastKnownFileType = sourcecode.swift; path = D2Modo2_1.swift; sourceTree = "<group>"; };
/* End PBXFileReference section */

/* Begin PBXFrameworksBuildPhase section */
		F10A6A912AA645F100855728 /* Frameworks */ = {
			isa = PBXFrameworksBuildPhase;
			buildActionMask = 2147483647;
			files = (
			);
			runOnlyForDeploymentPostprocessing = 0;
		};
/* End PBXFrameworksBuildPhase section */

/* Begin PBXGroup section */
		F10A6A8B2AA645F100855728 = {
			isa = PBXGroup;
			children = (
				F10A6A962AA645F100855728 /* Aulas3Lechinovski */,
				F10A6A952AA645F100855728 /* Products */,
			);
			sourceTree = "<group>";
		};
		F10A6A952AA645F100855728 /* Products */ = {
			isa = PBXGroup;
			children = (
				F10A6A942AA645F100855728 /* Aulas3Lechinovski.app */,
			);
			name = Products;
			sourceTree = "<group>";
		};
		F10A6A962AA645F100855728 /* Aulas3Lechinovski */ = {
			isa = PBXGroup;
			children = (
				F10A6A972AA645F100855728 /* Aulas3LechinovskiApp.swift */,
				F10A6AA52AA649E200855728 /* D1.swift */,
				F10A6AA72AA64D7200855728 /* D1Home.swift */,
				F10A6AA92AA64D8B00855728 /* D1Search.swift */,
				F10A6AAB2AA656A900855728 /* D1Photos.swift */,
				F10A6AAF2AA658A700855728 /* D1Messages.swift */,
				F10A6AB32AA658CA00855728 /* D1Profile.swift */,
				F10A6AB52AA6626F00855728 /* D2.swift */,
				F10A6AB72AA663A100855728 /* D2Modo1.swift */,
				F10A6AB92AA6648100855728 /* D2Modo2.swift */,
				F10A6ABD2AA6692600855728 /* D2Modo2_1.swift */,
				F10A6A9B2AA645F300855728 /* Assets.xcassets */,
				F10A6A9D2AA645F300855728 /* Preview Content */,
			);
			path = Aulas3Lechinovski;
			sourceTree = "<group>";
		};
		F10A6A9D2AA645F300855728 /* Preview Content */ = {
			isa = PBXGroup;
			children = (
				F10A6A9E2AA645F300855728 /* Preview Assets.xcassets */,
			);
			path = "Preview Content";
			sourceTree = "<group>";
		};
/* End PBXGroup section */

/* Begin PBXNativeTarget section */
		F10A6A932AA645F100855728 /* Aulas3Lechinovski */ = {
			isa = PBXNativeTarget;
			buildConfigurationList = F10A6AA22AA645F300855728 /* Build configuration list for PBXNativeTarget "Aulas3Lechinovski" */;
			buildPhases = (
				F10A6A902AA645F100855728 /* Sources */,
				F10A6A912AA645F100855728 /* Frameworks */,
				F10A6A922AA645F100855728 /* Resources */,
			);
			buildRules = (
			);
			dependencies = (
			);
			name = Aulas3Lechinovski;
			productName = Aulas3Lechinovski;
			productReference = F10A6A942AA645F100855728 /* Aulas3Lechinovski.app */;
			productType = "com.apple.product-type.application";
		};
/* End PBXNativeTarget section */

/* Begin PBXProject section */
		F10A6A8C2AA645F100855728 /* Project object */ = {
			isa = PBXProject;
			attributes = {
				BuildIndependentTargetsInParallel = 1;
				LastSwiftUpdateCheck = 1420;
				LastUpgradeCheck = 1420;
				TargetAttributes = {
					F10A6A932AA645F100855728 = {
						CreatedOnToolsVersion = 14.2;
					};
				};
			};
			buildConfigurationList = F10A6A8F2AA645F100855728 /* Build configuration list for PBXProject "Aulas3Lechinovski" */;
			compatibilityVersion = "Xcode 14.0";
			developmentRegion = en;
			hasScannedForEncodings = 0;
			knownRegions = (
				en,
				Base,
			);
			mainGroup = F10A6A8B2AA645F100855728;
			productRefGroup = F10A6A952AA645F100855728 /* Products */;
			projectDirPath = "";
			projectRoot = "";
			targets = (
				F10A6A932AA645F100855728 /* Aulas3Lechinovski */,
			);
		};
/* End PBXProject section */

/* Begin PBXResourcesBuildPhase section */
		F10A6A922AA645F100855728 /* Resources */ = {
			isa = PBXResourcesBuildPhase;
			buildActionMask = 2147483647;
			files = (
				F10A6A9F2AA645F300855728 /* Preview Assets.xcassets in Resources */,
				F10A6A9C2AA645F300855728 /* Assets.xcassets in Resources */,
			);
			runOnlyForDeploymentPostprocessing = 0;
		};
/* End PBXResourcesBuildPhase section */

/* Begin PBXSourcesBuildPhase section */
		F10A6A902AA645F100855728 /* Sources */ = {
			isa = PBXSourcesBuildPhase;
			buildActionMask = 2147483647;
			files = (
				F10A6AAA2AA64D8B00855728 /* D1Search.swift in Sources */,
				F10A6AB62AA6626F00855728 /* D2.swift in Sources */,
				F10A6AAC2AA656A900855728 /* D1Photos.swift in Sources */,
				F10A6A982AA645F100855728 /* Aulas3LechinovskiApp.swift in Sources */,
				F10A6AA82AA64D7200855728 /* D1Home.swift in Sources */,
				F10A6ABA2AA6648100855728 /* D2Modo2.swift in Sources */,
				F10A6AB42AA658CA00855728 /* D1Profile.swift in Sources */,
				F10A6AB02AA658A700855728 /* D1Messages.swift in Sources */,
				F10A6ABE2AA6692600855728 /* D2Modo2_1.swift in Sources */,
				F10A6AA62AA649E200855728 /* D1.swift in Sources */,
				F10A6AB82AA663A100855728 /* D2Modo1.swift in Sources */,
			);
			runOnlyForDeploymentPostprocessing = 0;
		};
/* End PBXSourcesBuildPhase section */

/* Begin XCBuildConfiguration section */
		F10A6AA02AA645F300855728 /* Debug */ = {
			isa = XCBuildConfiguration;
			buildSettings = {
				ALWAYS_SEARCH_USER_PATHS = NO;
				CLANG_ANALYZER_NONNULL = YES;
				CLANG_ANALYZER_NUMBER_OBJECT_CONVERSION = YES_AGGRESSIVE;
				CLANG_CXX_LANGUAGE_STANDARD = "gnu++20";
				CLANG_ENABLE_MODULES = YES;
				CLANG_ENABLE_OBJC_ARC = YES;
				CLANG_ENABLE_OBJC_WEAK = YES;
				CLANG_WARN_BLOCK_CAPTURE_AUTORELEASING = YES;
				CLANG_WARN_BOOL_CONVERSION = YES;
				CLANG_WARN_COMMA = YES;
				CLANG_WARN_CONSTANT_CONVERSION = YES;
				CLANG_WARN_DEPRECATED_OBJC_IMPLEMENTATIONS = YES;
				CLANG_WARN_DIRECT_OBJC_ISA_USAGE = YES_ERROR;
				CLANG_WARN_DOCUMENTATION_COMMENTS = YES;
				CLANG_WARN_EMPTY_BODY = YES;
				CLANG_WARN_ENUM_CONVERSION = YES;
				CLANG_WARN_INFINITE_RECURSION = YES;
				CLANG_WARN_INT_CONVERSION = YES;
				CLANG_WARN_NON_LITERAL_NULL_CONVERSION = YES;
				CLANG_WARN_OBJC_IMPLICIT_RETAIN_SELF = YES;
				CLANG_WARN_OBJC_LITERAL_CONVERSION = YES;
				CLANG_WARN_OBJC_ROOT_CLASS = YES_ERROR;
				CLANG_WARN_QUOTED_INCLUDE_IN_FRAMEWORK_HEADER = YES;
				CLANG_WARN_RANGE_LOOP_ANALYSIS = YES;
				CLANG_WARN_STRICT_PROTOTYPES = YES;
				CLANG_WARN_SUSPICIOUS_MOVE = YES;
				CLANG_WARN_UNGUARDED_AVAILABILITY = YES_AGGRESSIVE;
				CLANG_WARN_UNREACHABLE_CODE = YES;
				CLANG_WARN__DUPLICATE_METHOD_MATCH = YES;
				COPY_PHASE_STRIP = NO;
				DEBUG_INFORMATION_FORMAT = dwarf;
				ENABLE_STRICT_OBJC_MSGSEND = YES;
				ENABLE_TESTABILITY = YES;
				GCC_C_LANGUAGE_STANDARD = gnu11;
				GCC_DYNAMIC_NO_PIC = NO;
				GCC_NO_COMMON_BLOCKS = YES;
				GCC_OPTIMIZATION_LEVEL = 0;
				GCC_PREPROCESSOR_DEFINITIONS = (
					"DEBUG=1",
					"$(inherited)",
				);
				GCC_WARN_64_TO_32_BIT_CONVERSION = YES;
				GCC_WARN_ABOUT_RETURN_TYPE = YES_ERROR;
				GCC_WARN_UNDECLARED_SELECTOR = YES;
				GCC_WARN_UNINITIALIZED_AUTOS = YES_AGGRESSIVE;
				GCC_WARN_UNUSED_FUNCTION = YES;
				GCC_WARN_UNUSED_VARIABLE = YES;
				IPHONEOS_DEPLOYMENT_TARGET = 16.2;
				MTL_ENABLE_DEBUG_INFO = INCLUDE_SOURCE;
				MTL_FAST_MATH = YES;
				ONLY_ACTIVE_ARCH = YES;
				SDKROOT = iphoneos;
				SWIFT_ACTIVE_COMPILATION_CONDITIONS = DEBUG;
				SWIFT_OPTIMIZATION_LEVEL = "-Onone";
			};
			name = Debug;
		};
		F10A6AA12AA645F300855728 /* Release */ = {
			isa = XCBuildConfiguration;
			buildSettings = {
				ALWAYS_SEARCH_USER_PATHS = NO;
				CLANG_ANALYZER_NONNULL = YES;
				CLANG_ANALYZER_NUMBER_OBJECT_CONVERSION = YES_AGGRESSIVE;
				CLANG_CXX_LANGUAGE_STANDARD = "gnu++20";
				CLANG_ENABLE_MODULES = YES;
				CLANG_ENABLE_OBJC_ARC = YES;
				CLANG_ENABLE_OBJC_WEAK = YES;
				CLANG_WARN_BLOCK_CAPTURE_AUTORELEASING = YES;
				CLANG_WARN_BOOL_CONVERSION = YES;
				CLANG_WARN_COMMA = YES;
				CLANG_WARN_CONSTANT_CONVERSION = YES;
				CLANG_WARN_DEPRECATED_OBJC_IMPLEMENTATIONS = YES;
				CLANG_WARN_DIRECT_OBJC_ISA_USAGE = YES_ERROR;
				CLANG_WARN_DOCUMENTATION_COMMENTS = YES;
				CLANG_WARN_EMPTY_BODY = YES;
				CLANG_WARN_ENUM_CONVERSION = YES;
				CLANG_WARN_INFINITE_RECURSION = YES;
				CLANG_WARN_INT_CONVERSION = YES;
				CLANG_WARN_NON_LITERAL_NULL_CONVERSION = YES;
				CLANG_WARN_OBJC_IMPLICIT_RETAIN_SELF = YES;
				CLANG_WARN_OBJC_LITERAL_CONVERSION = YES;
				CLANG_WARN_OBJC_ROOT_CLASS = YES_ERROR;
				CLANG_WARN_QUOTED_INCLUDE_IN_FRAMEWORK_HEADER = YES;
				CLANG_WARN_RANGE_LOOP_ANALYSIS = YES;
				CLANG_WARN_STRICT_PROTOTYPES = YES;
				CLANG_WARN_SUSPICIOUS_MOVE = YES;
				CLANG_WARN_UNGUARDED_AVAILABILITY = YES_AGGRESSIVE;
				CLANG_WARN_UNREACHABLE_CODE = YES;
				CLANG_WARN__DUPLICATE_METHOD_MATCH = YES;
				COPY_PHASE_STRIP = NO;
				DEBUG_INFORMATION_FORMAT = "dwarf-with-dsym";
				ENABLE_NS_ASSERTIONS = NO;
				ENABLE_STRICT_OBJC_MSGSEND = YES;
				GCC_C_LANGUAGE_STANDARD = gnu11;
				GCC_NO_COMMON_BLOCKS = YES;
				GCC_WARN_64_TO_32_BIT_CONVERSION = YES;
				GCC_WARN_ABOUT_RETURN_TYPE = YES_ERROR;
				GCC_WARN_UNDECLARED_SELECTOR = YES;
				GCC_WARN_UNINITIALIZED_AUTOS = YES_AGGRESSIVE;
				GCC_WARN_UNUSED_FUNCTION = YES;
				GCC_WARN_UNUSED_VARIABLE = YES;
				IPHONEOS_DEPLOYMENT_TARGET = 16.2;
				MTL_ENABLE_DEBUG_INFO = NO;
				MTL_FAST_MATH = YES;
				SDKROOT = iphoneos;
				SWIFT_COMPILATION_MODE = wholemodule;
				SWIFT_OPTIMIZATION_LEVEL = "-O";
				VALIDATE_PRODUCT = YES;
			};
			name = Release;
		};
		F10A6AA32AA645F300855728 /* Debug */ = {
			isa = XCBuildConfiguration;
			buildSettings = {
				ASSETCATALOG_COMPILER_APPICON_NAME = AppIcon;
				ASSETCATALOG_COMPILER_GLOBAL_ACCENT_COLOR_NAME = AccentColor;
				CODE_SIGN_STYLE = Automatic;
				CURRENT_PROJECT_VERSION = 1;
				DEVELOPMENT_ASSET_PATHS = "\"Aulas3Lechinovski/Preview Content\"";
				ENABLE_PREVIEWS = YES;
				GENERATE_INFOPLIST_FILE = YES;
				INFOPLIST_KEY_UIApplicationSceneManifest_Generation = YES;
				INFOPLIST_KEY_UIApplicationSupportsIndirectInputEvents = YES;
				INFOPLIST_KEY_UILaunchScreen_Generation = YES;
				INFOPLIST_KEY_UISupportedInterfaceOrientations_iPad = "UIInterfaceOrientationPortrait UIInterfaceOrientationPortraitUpsideDown UIInterfaceOrientationLandscapeLeft UIInterfaceOrientationLandscapeRight";
				INFOPLIST_KEY_UISupportedInterfaceOrientations_iPhone = "UIInterfaceOrientationPortrait UIInterfaceOrientationLandscapeLeft UIInterfaceOrientationLandscapeRight";
				LD_RUNPATH_SEARCH_PATHS = (
					"$(inherited)",
					"@executable_path/Frameworks",
				);
				MARKETING_VERSION = 1.0;
				PRODUCT_BUNDLE_IDENTIFIER = Lechinovski.Aulas3Lechinovski;
				PRODUCT_NAME = "$(TARGET_NAME)";
				SWIFT_EMIT_LOC_STRINGS = YES;
				SWIFT_VERSION = 5.0;
				TARGETED_DEVICE_FAMILY = "1,2";
			};
			name = Debug;
		};
		F10A6AA42AA645F300855728 /* Release */ = {
			isa = XCBuildConfiguration;
			buildSettings = {
				ASSETCATALOG_COMPILER_APPICON_NAME = AppIcon;
				ASSETCATALOG_COMPILER_GLOBAL_ACCENT_COLOR_NAME = AccentColor;
				CODE_SIGN_STYLE = Automatic;
				CURRENT_PROJECT_VERSION = 1;
				DEVELOPMENT_ASSET_PATHS = "\"Aulas3Lechinovski/Preview Content\"";
				ENABLE_PREVIEWS = YES;
				GENERATE_INFOPLIST_FILE = YES;
				INFOPLIST_KEY_UIApplicationSceneManifest_Generation = YES;
				INFOPLIST_KEY_UIApplicationSupportsIndirectInputEvents = YES;
				INFOPLIST_KEY_UILaunchScreen_Generation = YES;
				INFOPLIST_KEY_UISupportedInterfaceOrientations_iPad = "UIInterfaceOrientationPortrait UIInterfaceOrientationPortraitUpsideDown UIInterfaceOrientationLandscapeLeft UIInterfaceOrientationLandscapeRight";
				INFOPLIST_KEY_UISupportedInterfaceOrientations_iPhone = "UIInterfaceOrientationPortrait UIInterfaceOrientationLandscapeLeft UIInterfaceOrientationLandscapeRight";
				LD_RUNPATH_SEARCH_PATHS = (
					"$(inherited)",
					"@executable_path/Frameworks",
				);
				MARKETING_VERSION = 1.0;
				PRODUCT_BUNDLE_IDENTIFIER = Lechinovski.Aulas3Lechinovski;
				PRODUCT_NAME = "$(TARGET_NAME)";
				SWIFT_EMIT_LOC_STRINGS = YES;
				SWIFT_VERSION = 5.0;
				TARGETED_DEVICE_FAMILY = "1,2";
			};
			name = Release;
		};
/* End XCBuildConfiguration section */

/* Begin XCConfigurationList section */
		F10A6A8F2AA645F100855728 /* Build configuration list for PBXProject "Aulas3Lechinovski" */ = {
			isa = XCConfigurationList;
			buildConfigurations = (
				F10A6AA02AA645F300855728 /* Debug */,
				F10A6AA12AA645F300855728 /* Release */,
			);
			defaultConfigurationIsVisible = 0;
			defaultConfigurationName = Release;
		};
		F10A6AA22AA645F300855728 /* Build configuration list for PBXNativeTarget "Aulas3Lechinovski" */ = {
			isa = XCConfigurationList;
			buildConfigurations = (
				F10A6AA32AA645F300855728 /* Debug */,
				F10A6AA42AA645F300855728 /* Release */,
			);
			defaultConfigurationIsVisible = 0;
			defaultConfigurationName = Release;
		};
/* End XCConfigurationList section */
	};
	rootObject = F10A6A8C2AA645F100855728 /* Project object */;
}
